
Microsoft Visual Studio Solution File, Format Version 12.00
# Visual Studio Version 16
VisualStudioVersion = 16.0.30907.101
MinimumVisualStudioVersion = 10.0.40219.1
Project("{FAE04EC0-301F-11D3-BF4B-00C04F79EFBC}") = "SfButton_SVGSupport.Android", "SfButton_SVGSupport.Android\SfButton_SVGSupport.Android.csproj", "{3C643289-3703-4C26-8FB0-1A91AB8CFF74}"
EndProject
Project("{FAE04EC0-301F-11D3-BF4B-00C04F79EFBC}") = "SfButton_SVGSupport.iOS", "SfButton_SVGSupport.iOS\SfButton_SVGSupport.iOS.csproj", "{CA90A449-3F85-4EAA-8083-84995F7494D8}"
EndProject
Project("{9A19103F-16F7-4668-BE54-9A1E7A4F7556}") = "SfButton_SVGSupport", "SfButton_SVGSupport\SfButton_SVGSupport.csproj", "{368C245F-CC63-47F3-8E59-879AE323FE5B}"
EndProject
Global
	GlobalSection(SolutionConfigurationPlatforms) = preSolution
		Debug|Any CPU = Debug|Any CPU
		Debug|ARM = Debug|ARM
		Debug|iPhone = Debug|iPhone
		Debug|iPhoneSimulator = Debug|iPhoneSimulator
		Debug|x64 = Debug|x64
		Debug|x86 = Debug|x86
		Release|Any CPU = Release|Any CPU
		Release|ARM = Release|ARM
		Release|iPhone = Release|iPhone
		Release|iPhoneSimulator = Release|iPhoneSimulator
		Release|x64 = Release|x64
		Release|x86 = Release|x86
	EndGlobalSection
	GlobalSection(ProjectConfigurationPlatforms) = postSolution
		{3C643289-3703-4C26-8FB0-1A91AB8CFF74}.Debug|Any CPU.ActiveCfg = Debug|Any CPU
		{3C643289-3703-4C26-8FB0-1A91AB8CFF74}.Debug|Any CPU.Build.0 = Debug|Any CPU
		{3C643289-3703-4C26-8FB0-1A91AB8CFF74}.Debug|Any CPU.Deploy.0 = Debug|Any CPU
		{3C643289-3703-4C26-8FB0-1A91AB8CFF74}.Debug|ARM.ActiveCfg = Debug|Any CPU
		{3C643289-3703-4C26-8FB0-1A91AB8CFF74}.Debug|ARM.Build.0 = Debug|Any CPU
		{3C643289-3703-4C26-8FB0-1A91AB8CFF74}.Debug|ARM.Deploy.0 = Debug|Any CPU
		{3C643289-3703-4C26-8FB0-1A91AB8CFF74}.Debug|iPhone.ActiveCfg = Debug|Any CPU
		{3C643289-3703-4C26-8FB0-1A91AB8CFF74}.Debug|iPhone.Build.0 = Debug|Any CPU
		{3C643289-3703-4C26-8FB0-1A91AB8CFF74}.Debug|iPhone.Deploy.0 = Debug|Any CPU
		{3C643289-3703-4C26-8FB0-1A91AB8CFF74}.Debug|iPhoneSimulator.ActiveCfg = Debug|Any CPU
		{3C643289-3703-4C26-8FB0-1A91AB8CFF74}.Debug|iPhoneSimulator.Build.0 = Debug|Any CPU
		{3C643289-3703-4C26-8FB0-1A91AB8CFF74}.Debug|iPhoneSimulator.Deploy.0 = Debug|Any CPU
		{3C643289-3703-4C26-8FB0-1A91AB8CFF74}.Debug|x64.ActiveCfg = Debug|Any CPU
		{3C643289-3703-4C26-8FB0-1A91AB8CFF74}.Debug|x64.Build.0 = Debug|Any CPU
		{3C643289-3703-4C26-8FB0-1A91AB8CFF74}.Debug|x64.Deploy.0 = Debug|Any CPU
		{3C643289-3703-4C26-8FB0-1A91AB8CFF74}.Debug|x86.ActiveCfg = Debug|Any CPU
		{3C643289-3703-4C26-8FB0-1A91AB8CFF74}.Debug|x86.Build.0 = Debug|Any CPU
		{3C643289-3703-4C26-8FB0-1A91AB8CFF74}.Debug|x86.Deploy.0 = Debug|Any CPU
		{3C643289-3703-4C26-8FB0-1A91AB8CFF74}.Release|Any CPU.ActiveCfg = Release|Any CPU
		{3C643289-3703-4C26-8FB0-1A91AB8CFF74}.Release|Any CPU.Build.0 = Release|Any CPU
		{3C643289-3703-4C26-8FB0-1A91AB8CFF74}.Release|Any CPU.Deploy.0 = Release|Any CPU
		{3C643289-3703-4C26-8FB0-1A91AB8CFF74}.Release|ARM.ActiveCfg = Release|Any CPU
		{3C643289-3703-4C26-8FB0-1A91AB8CFF74}.Release|ARM.Build.0 = Release|Any CPU
		{3C643289-3703-4C26-8FB0-1A91AB8CFF74}.Release|ARM.Deploy.0 = Release|Any CPU
		{3C643289-3703-4C26-8FB0-1A91AB8CFF74}.Release|iPhone.ActiveCfg = Release|Any CPU
		{3C643289-3703-4C26-8FB0-1A91AB8CFF74}.Release|iPhone.Build.0 = Release|Any CPU
		{3C643289-3703-4C26-8FB0-1A91AB8CFF74}.Release|iPhone.Deploy.0 = Release|Any CPU
		{3C643289-3703-4C26-8FB0-1A91AB8CFF74}.Release|iPhoneSimulator.ActiveCfg = Release|Any CPU
		{3C643289-3703-4C26-8FB0-1A91AB8CFF74}.Release|iPhoneSimulator.Build.0 = Release|Any CPU
		{3C643289-3703-4C26-8FB0-1A91AB8CFF74}.Release|iPhoneSimulator.Deploy.0 = Release|Any CPU
		{3C643289-3703-4C26-8FB0-1A91AB8CFF74}.Release|x64.ActiveCfg = Release|Any CPU
		{3C643289-3703-4C26-8FB0-1A91AB8CFF74}.Release|x64.Build.0 = Release|Any CPU
		{3C643289-3703-4C26-8FB0-1A91AB8CFF74}.Release|x64.Deploy.0 = Release|Any CPU
		{3C643289-3703-4C26-8FB0-1A91AB8CFF74}.Release|x86.ActiveCfg = Release|Any CPU
		{3C643289-3703-4C26-8FB0-1A91AB8CFF74}.Release|x86.Build.0 = Release|Any CPU
		{3C643289-3703-4C26-8FB0-1A91AB8CFF74}.Release|x86.Deploy.0 = Release|Any CPU
		{CA90A449-3F85-4EAA-8083-84995F7494D8}.Debug|Any CPU.ActiveCfg = Debug|iPhoneSimulator
		{CA90A449-3F85-4EAA-8083-84995F7494D8}.Debug|Any CPU.Build.0 = Debug|iPhoneSimulator
		{CA90A449-3F85-4EAA-8083-84995F7494D8}.Debug|Any CPU.Deploy.0 = Debug|iPhoneSimulator
		{CA90A449-3F85-4EAA-8083-84995F7494D8}.Debug|ARM.ActiveCfg = Debug|iPhone
		{CA90A449-3F85-4EAA-8083-84995F7494D8}.Debug|ARM.Build.0 = Debug|iPhone
		{CA90A449-3F85-4EAA-8083-84995F7494D8}.Debug|ARM.Deploy.0 = Debug|iPhone
		{CA90A449-3F85-4EAA-8083-84995F7494D8}.Debug|iPhone.ActiveCfg = Debug|iPhone
		{CA90A449-3F85-4EAA-8083-84995F7494D8}.Debug|iPhone.Build.0 = Debug|iPhone
		{CA90A449-3F85-4EAA-8083-84995F7494D8}.Debug|iPhone.Deploy.0 = Debug|iPhone
		{CA90A449-3F85-4EAA-8083-84995F7494D8}.Debug|iPhoneSimulator.ActiveCfg = Debug|iPhoneSimulator
		{CA90A449-3F85-4EAA-8083-84995F7494D8}.Debug|iPhoneSimulator.Build.0 = Debug|iPhoneSimulator
		{CA90A449-3F85-4EAA-8083-84995F7494D8}.Debug|iPhoneSimulator.Deploy.0 = Debug|iPhoneSimulator
		{CA90A449-3F85-4EAA-8083-84995F7494D8}.Debug|x64.ActiveCfg = Debug|iPhoneSimulator
		{CA90A449-3F85-4EAA-8083-84995F7494D8}.Debug|x64.Build.0 = Debug|iPhoneSimulator
		{CA90A449-3F85-4EAA-8083-84995F7494D8}.Debug|x64.Deploy.0 = Debug|iPhoneSimulator
		{CA90A449-3F85-4EAA-8083-84995F7494D8}.Debug|x86.ActiveCfg = Debug|iPhoneSimulator
		{CA90A449-3F85-4EAA-8083-84995F7494D8}.Debug|x86.Build.0 = Debug|iPhoneSimulator
		{CA90A449-3F85-4EAA-8083-84995F7494D8}.Debug|x86.Deploy.0 = Debug|iPhoneSimulator
		{CA90A449-3F85-4EAA-8083-84995F7494D8}.Release|Any CPU.ActiveCfg = Release|iPhoneSimulator
		{CA90A449-3F85-4EAA-8083-84995F7494D8}.Release|Any CPU.Build.0 = Release|iPhoneSimulator
		{CA90A449-3F85-4EAA-8083-84995F7494D8}.Release|Any CPU.Deploy.0 = Release|iPhoneSimulator
		{CA90A449-3F85-4EAA-8083-84995F7494D8}.Release|ARM.ActiveCfg = Release|iPhoneSimulator
		{CA90A449-3F85-4EAA-8083-84995F7494D8}.Release|ARM.Build.0 = Release|iPhoneSimulator
		{CA90A449-3F85-4EAA-8083-84995F7494D8}.Release|ARM.Deploy.0 = Release|iPhoneSimulator
		{CA90A449-3F85-4EAA-8083-84995F7494D8}.Release|iPhone.ActiveCfg = Release|iPhone
		{CA90A449-3F85-4EAA-8083-84995F7494D8}.Release|iPhone.Build.0 = Release|iPhone
		{CA90A449-3F85-4EAA-8083-84995F7494D8}.Release|iPhone.Deploy.0 = Release|iPhone
		{CA90A449-3F85-4EAA-8083-84995F7494D8}.Release|iPhoneSimulator.ActiveCfg = Release|iPhoneSimulator
		{CA90A449-3F85-4EAA-8083-84995F7494D8}.Release|iPhoneSimulator.Build.0 = Release|iPhoneSimulator
		{CA90A449-3F85-4EAA-8083-84995F7494D8}.Release|iPhoneSimulator.Deploy.0 = Release|iPhoneSimulator
		{CA90A449-3F85-4EAA-8083-84995F7494D8}.Release|x64.ActiveCfg = Release|iPhoneSimulator
		{CA90A449-3F85-4EAA-8083-84995F7494D8}.Release|x64.Build.0 = Release|iPhoneSimulator
		{CA90A449-3F85-4EAA-8083-84995F7494D8}.Release|x64.Deploy.0 = Release|iPhoneSimulator
		{CA90A449-3F85-4EAA-8083-84995F7494D8}.Release|x86.ActiveCfg = Release|iPhoneSimulator
		{CA90A449-3F85-4EAA-8083-84995F7494D8}.Release|x86.Build.0 = Release|iPhoneSimulator
		{CA90A449-3F85-4EAA-8083-84995F7494D8}.Release|x86.Deploy.0 = Release|iPhoneSimulator
		{368C245F-CC63-47F3-8E59-879AE323FE5B}.Debug|Any CPU.ActiveCfg = Debug|Any CPU
		{368C245F-CC63-47F3-8E59-879AE323FE5B}.Debug|Any CPU.Build.0 = Debug|Any CPU
		{368C245F-CC63-47F3-8E59-879AE323FE5B}.Debug|Any CPU.Deploy.0 = Debug|Any CPU
		{368C245F-CC63-47F3-8E59-879AE323FE5B}.Debug|ARM.ActiveCfg = Debug|Any CPU
		{368C245F-CC63-47F3-8E59-879AE323FE5B}.Debug|ARM.Build.0 = Debug|Any CPU
		{368C245F-CC63-47F3-8E59-879AE323FE5B}.Debug|ARM.Deploy.0 = Debug|Any CPU
		{368C245F-CC63-47F3-8E59-879AE323FE5B}.Debug|iPhone.ActiveCfg = Debug|Any CPU
		{368C245F-CC63-47F3-8E59-879AE323FE5B}.Debug|iPhone.Build.0 = Debug|Any CPU
		{368C245F-CC63-47F3-8E59-879AE323FE5B}.Debug|iPhone.Deploy.0 = Debug|Any CPU
		{368C245F-CC63-47F3-8E59-879AE323FE5B}.Debug|iPhoneSimulator.ActiveCfg = Debug|Any CPU
		{368C245F-CC63-47F3-8E59-879AE323FE5B}.Debug|iPhoneSimulator.Build.0 = Debug|Any CPU
		{368C245F-CC63-47F3-8E59-879AE323FE5B}.Debug|iPhoneSimulator.Deploy.0 = Debug|Any CPU
		{368C245F-CC63-47F3-8E59-879AE323FE5B}.Debug|x64.ActiveCfg = Debug|Any CPU
		{368C245F-CC63-47F3-8E59-879AE323FE5B}.Debug|x64.Build.0 = Debug|Any CPU
		{368C245F-CC63-47F3-8E59-879AE323FE5B}.Debug|x64.Deploy.0 = Debug|Any CPU
		{368C245F-CC63-47F3-8E59-879AE323FE5B}.Debug|x86.ActiveCfg = Debug|Any CPU
		{368C245F-CC63-47F3-8E59-879AE323FE5B}.Debug|x86.Build.0 = Debug|Any CPU
		{368C245F-CC63-47F3-8E59-879AE323FE5B}.Debug|x86.Deploy.0 = Debug|Any CPU
		{368C245F-CC63-47F3-8E59-879AE323FE5B}.Release|Any CPU.ActiveCfg = Release|Any CPU
		{368C245F-CC63-47F3-8E59-879AE323FE5B}.Release|Any CPU.Build.0 = Release|Any CPU
		{368C245F-CC63-47F3-8E59-879AE323FE5B}.Release|Any CPU.Deploy.0 = Release|Any CPU
		{368C245F-CC63-47F3-8E59-879AE323FE5B}.Release|ARM.ActiveCfg = Release|Any CPU
		{368C245F-CC63-47F3-8E59-879AE323FE5B}.Release|ARM.Build.0 = Release|Any CPU
		{368C245F-CC63-47F3-8E59-879AE323FE5B}.Release|ARM.Deploy.0 = Release|Any CPU
		{368C245F-CC63-47F3-8E59-879AE323FE5B}.Release|iPhone.ActiveCfg = Release|Any CPU
		{368C245F-CC63-47F3-8E59-879AE323FE5B}.Release|iPhone.Build.0 = Release|Any CPU
		{368C245F-CC63-47F3-8E59-879AE323FE5B}.Release|iPhone.Deploy.0 = Release|Any CPU
		{368C245F-CC63-47F3-8E59-879AE323FE5B}.Release|iPhoneSimulator.ActiveCfg = Release|Any CPU
		{368C245F-CC63-47F3-8E59-879AE323FE5B}.Release|iPhoneSimulator.Build.0 = Release|Any CPU
		{368C245F-CC63-47F3-8E59-879AE323FE5B}.Release|iPhoneSimulator.Deploy.0 = Release|Any CPU
		{368C245F-CC63-47F3-8E59-879AE323FE5B}.Release|x64.ActiveCfg = Release|Any CPU
		{368C245F-CC63-47F3-8E59-879AE323FE5B}.Release|x64.Build.0 = Release|Any CPU
		{368C245F-CC63-47F3-8E59-879AE323FE5B}.Release|x64.Deploy.0 = Release|Any CPU
		{368C245F-CC63-47F3-8E59-879AE323FE5B}.Release|x86.ActiveCfg = Release|Any CPU
		{368C245F-CC63-47F3-8E59-879AE323FE5B}.Release|x86.Build.0 = Release|Any CPU
		{368C245F-CC63-47F3-8E59-879AE323FE5B}.Release|x86.Deploy.0 = Release|Any CPU
	EndGlobalSection
	GlobalSection(SolutionProperties) = preSolution
		HideSolutionNode = FALSE
	EndGlobalSection
	GlobalSection(ExtensibilityGlobals) = postSolution
		SolutionGuid = {9979821F-228B-4E27-8A5B-50269FA9DAC8}
	EndGlobalSection
EndGlobal
